
Microsoft Visual Studio Solution File, Format Version 12.00
# Visual Studio Version 17
VisualStudioVersion = 17.4.33103.184
MinimumVisualStudioVersion = 10.0.40219.1
Project("{8BC9CEB8-8B4A-11D0-8D11-00A0C91BC942}") = "user_for_AS", "user_for_AS\user_for_AS.vcxproj", "{01C7E15D-C736-4570-AD22-C25E2B047B8E}"
EndProject
Global
	GlobalSection(SolutionConfigurationPlatforms) = preSolution
		Debug|x64 = Debug|x64
		Debug|x86 = Debug|x86
		Release|x64 = Release|x64
		Release|x86 = Release|x86
	EndGlobalSection
	GlobalSection(ProjectConfigurationPlatforms) = postSolution
		{01C7E15D-C736-4570-AD22-C25E2B047B8E}.Debug|x64.ActiveCfg = Debug|x64
		{01C7E15D-C736-4570-AD22-C25E2B047B8E}.Debug|x64.Build.0 = Debug|x64
		{01C7E15D-C736-4570-AD22-C25E2B047B8E}.Debug|x86.ActiveCfg = Debug|Win32
		{01C7E15D-C736-4570-AD22-C25E2B047B8E}.Debug|x86.Build.0 = Debug|Win32
		{01C7E15D-C736-4570-AD22-C25E2B047B8E}.Release|x64.ActiveCfg = Release|x64
		{01C7E15D-C736-4570-AD22-C25E2B047B8E}.Release|x64.Build.0 = Release|x64
		{01C7E15D-C736-4570-AD22-C25E2B047B8E}.Release|x86.ActiveCfg = Release|Win32
		{01C7E15D-C736-4570-AD22-C25E2B047B8E}.Release|x86.Build.0 = Release|Win32
	EndGlobalSection
	GlobalSection(SolutionProperties) = preSolution
		HideSolutionNode = FALSE
	EndGlobalSection
	GlobalSection(ExtensibilityGlobals) = postSolution
		SolutionGuid = {172A54A8-52CE-46FC-8FED-143831A1F21D}
	EndGlobalSection
EndGlobal
